// !$*UTF8*$!
{
	archiveVersion = 1;
	classes = {
	};
	objectVersion = 56;
	objects = {

/* Begin PBXBuildFile section */
		87FBD3C12ABC7E5E0047084C /* AppDelegate.swift in Sources */ = {isa = PBXBuildFile; fileRef = 87FBD3C02ABC7E5E0047084C /* AppDelegate.swift */; };
		87FBD3C32ABC7E5E0047084C /* SceneDelegate.swift in Sources */ = {isa = PBXBuildFile; fileRef = 87FBD3C22ABC7E5E0047084C /* SceneDelegate.swift */; };
		87FBD3C52ABC7E5E0047084C /* ViewController.swift in Sources */ = {isa = PBXBuildFile; fileRef = 87FBD3C42ABC7E5E0047084C /* ViewController.swift */; };
		87FBD3C82ABC7E5E0047084C /* Main.storyboard in Resources */ = {isa = PBXBuildFile; fileRef = 87FBD3C62ABC7E5E0047084C /* Main.storyboard */; };
		87FBD3CA2ABC7E5F0047084C /* Assets.xcassets in Resources */ = {isa = PBXBuildFile; fileRef = 87FBD3C92ABC7E5F0047084C /* Assets.xcassets */; };
		87FBD3CD2ABC7E5F0047084C /* LaunchScreen.storyboard in Resources */ = {isa = PBXBuildFile; fileRef = 87FBD3CB2ABC7E5F0047084C /* LaunchScreen.storyboard */; };
		87FBD3D52ABD403E0047084C /* ConsoleLabel.swift in Sources */ = {isa = PBXBuildFile; fileRef = 87FBD3D42ABD403E0047084C /* ConsoleLabel.swift */; };
		87FBD3D72ABDE8C20047084C /* CustomLabel.swift in Sources */ = {isa = PBXBuildFile; fileRef = 87FBD3D62ABDE8C20047084C /* CustomLabel.swift */; };
/* End PBXBuildFile section */

/* Begin PBXFileReference section */
		87FBD3BD2ABC7E5E0047084C /* Basic_bounds.app */ = {isa = PBXFileReference; explicitFileType = wrapper.application; includeInIndex = 0; path = Basic_bounds.app; sourceTree = BUILT_PRODUCTS_DIR; };
		87FBD3C02ABC7E5E0047084C /* AppDelegate.swift */ = {isa = PBXFileReference; lastKnownFileType = sourcecode.swift; path = AppDelegate.swift; sourceTree = "<group>"; };
		87FBD3C22ABC7E5E0047084C /* SceneDelegate.swift */ = {isa = PBXFileReference; lastKnownFileType = sourcecode.swift; path = SceneDelegate.swift; sourceTree = "<group>"; };
		87FBD3C42ABC7E5E0047084C /* ViewController.swift */ = {isa = PBXFileReference; lastKnownFileType = sourcecode.swift; path = ViewController.swift; sourceTree = "<group>"; };
		87FBD3C72ABC7E5E0047084C /* Base */ = {isa = PBXFileReference; lastKnownFileType = file.storyboard; name = Base; path = Base.lproj/Main.storyboard; sourceTree = "<group>"; };
		87FBD3C92ABC7E5F0047084C /* Assets.xcassets */ = {isa = PBXFileReference; lastKnownFileType = folder.assetcatalog; path = Assets.xcassets; sourceTree = "<group>"; };
		87FBD3CC2ABC7E5F0047084C /* Base */ = {isa = PBXFileReference; lastKnownFileType = file.storyboard; name = Base; path = Base.lproj/LaunchScreen.storyboard; sourceTree = "<group>"; };
		87FBD3CE2ABC7E5F0047084C /* Info.plist */ = {isa = PBXFileReference; lastKnownFileType = text.plist.xml; path = Info.plist; sourceTree = "<group>"; };
		87FBD3D42ABD403E0047084C /* ConsoleLabel.swift */ = {isa = PBXFileReference; lastKnownFileType = sourcecode.swift; path = ConsoleLabel.swift; sourceTree = "<group>"; };
		87FBD3D62ABDE8C20047084C /* CustomLabel.swift */ = {isa = PBXFileReference; lastKnownFileType = sourcecode.swift; path = CustomLabel.swift; sourceTree = "<group>"; };
/* End PBXFileReference section */

/* Begin PBXFrameworksBuildPhase section */
		87FBD3BA2ABC7E5E0047084C /* Frameworks */ = {
			isa = PBXFrameworksBuildPhase;
			buildActionMask = 2147483647;
			files = (
			);
			runOnlyForDeploymentPostprocessing = 0;
		};
/* End PBXFrameworksBuildPhase section */

/* Begin PBXGroup section */
		87FBD3B42ABC7E5E0047084C = {
			isa = PBXGroup;
			children = (
				87FBD3BF2ABC7E5E0047084C /* Basic_bounds */,
				87FBD3BE2ABC7E5E0047084C /* Products */,
			);
			sourceTree = "<group>";
		};
		87FBD3BE2ABC7E5E0047084C /* Products */ = {
			isa = PBXGroup;
			children = (
				87FBD3BD2ABC7E5E0047084C /* Basic_bounds.app */,
			);
			name = Products;
			sourceTree = "<group>";
		};
		87FBD3BF2ABC7E5E0047084C /* Basic_bounds */ = {
			isa = PBXGroup;
			children = (
				87FBD3C02ABC7E5E0047084C /* AppDelegate.swift */,
				87FBD3C22ABC7E5E0047084C /* SceneDelegate.swift */,
				87FBD3C42ABC7E5E0047084C /* ViewController.swift */,
				87FBD3C62ABC7E5E0047084C /* Main.storyboard */,
				87FBD3C92ABC7E5F0047084C /* Assets.xcassets */,
				87FBD3CB2ABC7E5F0047084C /* LaunchScreen.storyboard */,
				87FBD3CE2ABC7E5F0047084C /* Info.plist */,
				87FBD3D42ABD403E0047084C /* ConsoleLabel.swift */,
				87FBD3D62ABDE8C20047084C /* CustomLabel.swift */,
			);
			path = Basic_bounds;
			sourceTree = "<group>";
		};
/* End PBXGroup section */

/* Begin PBXNativeTarget section */
		87FBD3BC2ABC7E5E0047084C /* Basic_bounds */ = {
			isa = PBXNativeTarget;
			buildConfigurationList = 87FBD3D12ABC7E5F0047084C /* Build configuration list for PBXNativeTarget "Basic_bounds" */;
			buildPhases = (
				87FBD3B92ABC7E5E0047084C /* Sources */,
				87FBD3BA2ABC7E5E0047084C /* Frameworks */,
				87FBD3BB2ABC7E5E0047084C /* Resources */,
			);
			buildRules = (
			);
			dependencies = (
			);
			name = Basic_bounds;
			productName = Basic_bounds;
			productReference = 87FBD3BD2ABC7E5E0047084C /* Basic_bounds.app */;
			productType = "com.apple.product-type.application";
		};
/* End PBXNativeTarget section */

/* Begin PBXProject section */
		87FBD3B52ABC7E5E0047084C /* Project object */ = {
			isa = PBXProject;
			attributes = {
				BuildIndependentTargetsInParallel = 1;
				LastSwiftUpdateCheck = 1500;
				LastUpgradeCheck = 1500;
				TargetAttributes = {
					87FBD3BC2ABC7E5E0047084C = {
						CreatedOnToolsVersion = 15.0;
					};
				};
			};
			buildConfigurationList = 87FBD3B82ABC7E5E0047084C /* Build configuration list for PBXProject "Basic_bounds" */;
			compatibilityVersion = "Xcode 14.0";
			developmentRegion = en;
			hasScannedForEncodings = 0;
			knownRegions = (
				en,
				Base,
			);
			mainGroup = 87FBD3B42ABC7E5E0047084C;
			productRefGroup = 87FBD3BE2ABC7E5E0047084C /* Products */;
			projectDirPath = "";
			projectRoot = "";
			targets = (
				87FBD3BC2ABC7E5E0047084C /* Basic_bounds */,
			);
		};
/* End PBXProject section */

/* Begin PBXResourcesBuildPhase section */
		87FBD3BB2ABC7E5E0047084C /* Resources */ = {
			isa = PBXResourcesBuildPhase;
			buildActionMask = 2147483647;
			files = (
				87FBD3CD2ABC7E5F0047084C /* LaunchScreen.storyboard in Resources */,
				87FBD3CA2ABC7E5F0047084C /* Assets.xcassets in Resources */,
				87FBD3C82ABC7E5E0047084C /* Main.storyboard in Resources */,
			);
			runOnlyForDeploymentPostprocessing = 0;
		};
/* End PBXResourcesBuildPhase section */

/* Begin PBXSourcesBuildPhase section */
		87FBD3B92ABC7E5E0047084C /* Sources */ = {
			isa = PBXSourcesBuildPhase;
			buildActionMask = 2147483647;
			files = (
				87FBD3D52ABD403E0047084C /* ConsoleLabel.swift in Sources */,
				87FBD3D72ABDE8C20047084C /* CustomLabel.swift in Sources */,
				87FBD3C52ABC7E5E0047084C /* ViewController.swift in Sources */,
				87FBD3C12ABC7E5E0047084C /* AppDelegate.swift in Sources */,
				87FBD3C32ABC7E5E0047084C /* SceneDelegate.swift in Sources */,
			);
			runOnlyForDeploymentPostprocessing = 0;
		};
/* End PBXSourcesBuildPhase section */

/* Begin PBXVariantGroup section */
		87FBD3C62ABC7E5E0047084C /* Main.storyboard */ = {
			isa = PBXVariantGroup;
			children = (
				87FBD3C72ABC7E5E0047084C /* Base */,
			);
			name = Main.storyboard;
			sourceTree = "<group>";
		};
		87FBD3CB2ABC7E5F0047084C /* LaunchScreen.storyboard */ = {
			isa = PBXVariantGroup;
			children = (
				87FBD3CC2ABC7E5F0047084C /* Base */,
			);
			name = LaunchScreen.storyboard;
			sourceTree = "<group>";
		};
/* End PBXVariantGroup section */

/* Begin XCBuildConfiguration section */
		87FBD3CF2ABC7E5F0047084C /* Debug */ = {
			isa = XCBuildConfiguration;
			buildSettings = {
				ALWAYS_SEARCH_USER_PATHS = NO;
				ASSETCATALOG_COMPILER_GENERATE_SWIFT_ASSET_SYMBOL_EXTENSIONS = YES;
				CLANG_ANALYZER_NONNULL = YES;
				CLANG_ANALYZER_NUMBER_OBJECT_CONVERSION = YES_AGGRESSIVE;
				CLANG_CXX_LANGUAGE_STANDARD = "gnu++20";
				CLANG_ENABLE_MODULES = YES;
				CLANG_ENABLE_OBJC_ARC = YES;
				CLANG_ENABLE_OBJC_WEAK = YES;
				CLANG_WARN_BLOCK_CAPTURE_AUTORELEASING = YES;
				CLANG_WARN_BOOL_CONVERSION = YES;
				CLANG_WARN_COMMA = YES;
				CLANG_WARN_CONSTANT_CONVERSION = YES;
				CLANG_WARN_DEPRECATED_OBJC_IMPLEMENTATIONS = YES;
				CLANG_WARN_DIRECT_OBJC_ISA_USAGE = YES_ERROR;
				CLANG_WARN_DOCUMENTATION_COMMENTS = YES;
				CLANG_WARN_EMPTY_BODY = YES;
				CLANG_WARN_ENUM_CONVERSION = YES;
				CLANG_WARN_INFINITE_RECURSION = YES;
				CLANG_WARN_INT_CONVERSION = YES;
				CLANG_WARN_NON_LITERAL_NULL_CONVERSION = YES;
				CLANG_WARN_OBJC_IMPLICIT_RETAIN_SELF = YES;
				CLANG_WARN_OBJC_LITERAL_CONVERSION = YES;
				CLANG_WARN_OBJC_ROOT_CLASS = YES_ERROR;
				CLANG_WARN_QUOTED_INCLUDE_IN_FRAMEWORK_HEADER = YES;
				CLANG_WARN_RANGE_LOOP_ANALYSIS = YES;
				CLANG_WARN_STRICT_PROTOTYPES = YES;
				CLANG_WARN_SUSPICIOUS_MOVE = YES;
				CLANG_WARN_UNGUARDED_AVAILABILITY = YES_AGGRESSIVE;
				CLANG_WARN_UNREACHABLE_CODE = YES;
				CLANG_WARN__DUPLICATE_METHOD_MATCH = YES;
				COPY_PHASE_STRIP = NO;
				DEBUG_INFORMATION_FORMAT = dwarf;
				ENABLE_STRICT_OBJC_MSGSEND = YES;
				ENABLE_TESTABILITY = YES;
				ENABLE_USER_SCRIPT_SANDBOXING = YES;
				GCC_C_LANGUAGE_STANDARD = gnu17;
				GCC_DYNAMIC_NO_PIC = NO;
				GCC_NO_COMMON_BLOCKS = YES;
				GCC_OPTIMIZATION_LEVEL = 0;
				GCC_PREPROCESSOR_DEFINITIONS = (
					"DEBUG=1",
					"$(inherited)",
				);
				GCC_WARN_64_TO_32_BIT_CONVERSION = YES;
				GCC_WARN_ABOUT_RETURN_TYPE = YES_ERROR;
				GCC_WARN_UNDECLARED_SELECTOR = YES;
				GCC_WARN_UNINITIALIZED_AUTOS = YES_AGGRESSIVE;
				GCC_WARN_UNUSED_FUNCTION = YES;
				GCC_WARN_UNUSED_VARIABLE = YES;
				IPHONEOS_DEPLOYMENT_TARGET = 17.0;
				LOCALIZATION_PREFERS_STRING_CATALOGS = YES;
				MTL_ENABLE_DEBUG_INFO = INCLUDE_SOURCE;
				MTL_FAST_MATH = YES;
				ONLY_ACTIVE_ARCH = YES;
				SDKROOT = iphoneos;
				SWIFT_ACTIVE_COMPILATION_CONDITIONS = "DEBUG $(inherited)";
				SWIFT_OPTIMIZATION_LEVEL = "-Onone";
			};
			name = Debug;
		};
		87FBD3D02ABC7E5F0047084C /* Release */ = {
			isa = XCBuildConfiguration;
			buildSettings = {
				ALWAYS_SEARCH_USER_PATHS = NO;
				ASSETCATALOG_COMPILER_GENERATE_SWIFT_ASSET_SYMBOL_EXTENSIONS = YES;
				CLANG_ANALYZER_NONNULL = YES;
				CLANG_ANALYZER_NUMBER_OBJECT_CONVERSION = YES_AGGRESSIVE;
				CLANG_CXX_LANGUAGE_STANDARD = "gnu++20";
				CLANG_ENABLE_MODULES = YES;
				CLANG_ENABLE_OBJC_ARC = YES;
				CLANG_ENABLE_OBJC_WEAK = YES;
				CLANG_WARN_BLOCK_CAPTURE_AUTORELEASING = YES;
				CLANG_WARN_BOOL_CONVERSION = YES;
				CLANG_WARN_COMMA = YES;
				CLANG_WARN_CONSTANT_CONVERSION = YES;
				CLANG_WARN_DEPRECATED_OBJC_IMPLEMENTATIONS = YES;
				CLANG_WARN_DIRECT_OBJC_ISA_USAGE = YES_ERROR;
				CLANG_WARN_DOCUMENTATION_COMMENTS = YES;
				CLANG_WARN_EMPTY_BODY = YES;
				CLANG_WARN_ENUM_CONVERSION = YES;
				CLANG_WARN_INFINITE_RECURSION = YES;
				CLANG_WARN_INT_CONVERSION = YES;
				CLANG_WARN_NON_LITERAL_NULL_CONVERSION = YES;
				CLANG_WARN_OBJC_IMPLICIT_RETAIN_SELF = YES;
				CLANG_WARN_OBJC_LITERAL_CONVERSION = YES;
				CLANG_WARN_OBJC_ROOT_CLASS = YES_ERROR;
				CLANG_WARN_QUOTED_INCLUDE_IN_FRAMEWORK_HEADER = YES;
				CLANG_WARN_RANGE_LOOP_ANALYSIS = YES;
				CLANG_WARN_STRICT_PROTOTYPES = YES;
				CLANG_WARN_SUSPICIOUS_MOVE = YES;
				CLANG_WARN_UNGUARDED_AVAILABILITY = YES_AGGRESSIVE;
				CLANG_WARN_UNREACHABLE_CODE = YES;
				CLANG_WARN__DUPLICATE_METHOD_MATCH = YES;
				COPY_PHASE_STRIP = NO;
				DEBUG_INFORMATION_FORMAT = "dwarf-with-dsym";
				ENABLE_NS_ASSERTIONS = NO;
				ENABLE_STRICT_OBJC_MSGSEND = YES;
				ENABLE_USER_SCRIPT_SANDBOXING = YES;
				GCC_C_LANGUAGE_STANDARD = gnu17;
				GCC_NO_COMMON_BLOCKS = YES;
				GCC_WARN_64_TO_32_BIT_CONVERSION = YES;
				GCC_WARN_ABOUT_RETURN_TYPE = YES_ERROR;
				GCC_WARN_UNDECLARED_SELECTOR = YES;
				GCC_WARN_UNINITIALIZED_AUTOS = YES_AGGRESSIVE;
				GCC_WARN_UNUSED_FUNCTION = YES;
				GCC_WARN_UNUSED_VARIABLE = YES;
				IPHONEOS_DEPLOYMENT_TARGET = 17.0;
				LOCALIZATION_PREFERS_STRING_CATALOGS = YES;
				MTL_ENABLE_DEBUG_INFO = NO;
				MTL_FAST_MATH = YES;
				SDKROOT = iphoneos;
				SWIFT_COMPILATION_MODE = wholemodule;
				VALIDATE_PRODUCT = YES;
			};
			name = Release;
		};
		87FBD3D22ABC7E5F0047084C /* Debug */ = {
			isa = XCBuildConfiguration;
			buildSettings = {
				ASSETCATALOG_COMPILER_APPICON_NAME = AppIcon;
				ASSETCATALOG_COMPILER_GLOBAL_ACCENT_COLOR_NAME = AccentColor;
				CODE_SIGN_STYLE = Automatic;
				CURRENT_PROJECT_VERSION = 1;
				GENERATE_INFOPLIST_FILE = YES;
				INFOPLIST_FILE = Basic_bounds/Info.plist;
				INFOPLIST_KEY_UIApplicationSupportsIndirectInputEvents = YES;
				INFOPLIST_KEY_UILaunchStoryboardName = LaunchScreen;
				INFOPLIST_KEY_UIMainStoryboardFile = Main;
				INFOPLIST_KEY_UISupportedInterfaceOrientations_iPad = "UIInterfaceOrientationPortrait UIInterfaceOrientationPortraitUpsideDown UIInterfaceOrientationLandscapeLeft UIInterfaceOrientationLandscapeRight";
				INFOPLIST_KEY_UISupportedInterfaceOrientations_iPhone = "UIInterfaceOrientationPortrait UIInterfaceOrientationLandscapeLeft UIInterfaceOrientationLandscapeRight";
				LD_RUNPATH_SEARCH_PATHS = (
					"$(inherited)",
					"@executable_path/Frameworks",
				);
				MARKETING_VERSION = 1.0;
				PRODUCT_BUNDLE_IDENTIFIER = "com.fdee.Basic-bounds";
				PRODUCT_NAME = "$(TARGET_NAME)";
				SWIFT_EMIT_LOC_STRINGS = YES;
				SWIFT_VERSION = 5.0;
				TARGETED_DEVICE_FAMILY = "1,2";
			};
			name = Debug;
		};
		87FBD3D32ABC7E5F0047084C /* Release */ = {
			isa = XCBuildConfiguration;
			buildSettings = {
				ASSETCATALOG_COMPILER_APPICON_NAME = AppIcon;
				ASSETCATALOG_COMPILER_GLOBAL_ACCENT_COLOR_NAME = AccentColor;
				CODE_SIGN_STYLE = Automatic;
				CURRENT_PROJECT_VERSION = 1;
				GENERATE_INFOPLIST_FILE = YES;
				INFOPLIST_FILE = Basic_bounds/Info.plist;
				INFOPLIST_KEY_UIApplicationSupportsIndirectInputEvents = YES;
				INFOPLIST_KEY_UILaunchStoryboardName = LaunchScreen;
				INFOPLIST_KEY_UIMainStoryboardFile = Main;
				INFOPLIST_KEY_UISupportedInterfaceOrientations_iPad = "UIInterfaceOrientationPortrait UIInterfaceOrientationPortraitUpsideDown UIInterfaceOrientationLandscapeLeft UIInterfaceOrientationLandscapeRight";
				INFOPLIST_KEY_UISupportedInterfaceOrientations_iPhone = "UIInterfaceOrientationPortrait UIInterfaceOrientationLandscapeLeft UIInterfaceOrientationLandscapeRight";
				LD_RUNPATH_SEARCH_PATHS = (
					"$(inherited)",
					"@executable_path/Frameworks",
				);
				MARKETING_VERSION = 1.0;
				PRODUCT_BUNDLE_IDENTIFIER = "com.fdee.Basic-bounds";
				PRODUCT_NAME = "$(TARGET_NAME)";
				SWIFT_EMIT_LOC_STRINGS = YES;
				SWIFT_VERSION = 5.0;
				TARGETED_DEVICE_FAMILY = "1,2";
			};
			name = Release;
		};
/* End XCBuildConfiguration section */

/* Begin XCConfigurationList section */
		87FBD3B82ABC7E5E0047084C /* Build configuration list for PBXProject "Basic_bounds" */ = {
			isa = XCConfigurationList;
			buildConfigurations = (
				87FBD3CF2ABC7E5F0047084C /* Debug */,
				87FBD3D02ABC7E5F0047084C /* Release */,
			);
			defaultConfigurationIsVisible = 0;
			defaultConfigurationName = Release;
		};
		87FBD3D12ABC7E5F0047084C /* Build configuration list for PBXNativeTarget "Basic_bounds" */ = {
			isa = XCConfigurationList;
			buildConfigurations = (
				87FBD3D22ABC7E5F0047084C /* Debug */,
				87FBD3D32ABC7E5F0047084C /* Release */,
			);
			defaultConfigurationIsVisible = 0;
			defaultConfigurationName = Release;
		};
/* End XCConfigurationList section */
	};
	rootObject = 87FBD3B52ABC7E5E0047084C /* Project object */;
}
